// !$*UTF8*$!
{
	archiveVersion = 1;
	classes = {
	};
	objectVersion = 46;
	objects = {

/* Begin PBXBuildFile section */
		6CDAAB141AB5F5A100089243 /* NotesTableViewCell.m in Sources */ = {isa = PBXBuildFile; fileRef = 6CDAAB131AB5F5A100089243 /* NotesTableViewCell.m */; };
		6CE01E751AB35C0C00FB93A5 /* main.m in Sources */ = {isa = PBXBuildFile; fileRef = 6CE01E741AB35C0C00FB93A5 /* main.m */; };
		6CE01E781AB35C0C00FB93A5 /* AppDelegate.m in Sources */ = {isa = PBXBuildFile; fileRef = 6CE01E771AB35C0C00FB93A5 /* AppDelegate.m */; };
		6CE01E7B1AB35C0C00FB93A5 /* notel.xcdatamodeld in Sources */ = {isa = PBXBuildFile; fileRef = 6CE01E791AB35C0C00FB93A5 /* notel.xcdatamodeld */; };
		6CE01E7E1AB35C0C00FB93A5 /* MasterViewController.m in Sources */ = {isa = PBXBuildFile; fileRef = 6CE01E7D1AB35C0C00FB93A5 /* MasterViewController.m */; };
		6CE01E811AB35C0C00FB93A5 /* DetailViewController.m in Sources */ = {isa = PBXBuildFile; fileRef = 6CE01E801AB35C0C00FB93A5 /* DetailViewController.m */; };
		6CE01E841AB35C0C00FB93A5 /* Main.storyboard in Resources */ = {isa = PBXBuildFile; fileRef = 6CE01E821AB35C0C00FB93A5 /* Main.storyboard */; };
		6CE01E861AB35C0C00FB93A5 /* Images.xcassets in Resources */ = {isa = PBXBuildFile; fileRef = 6CE01E851AB35C0C00FB93A5 /* Images.xcassets */; };
		6CE01E891AB35C0C00FB93A5 /* LaunchScreen.xib in Resources */ = {isa = PBXBuildFile; fileRef = 6CE01E871AB35C0C00FB93A5 /* LaunchScreen.xib */; };
		6CE01E951AB35C0D00FB93A5 /* notelTests.m in Sources */ = {isa = PBXBuildFile; fileRef = 6CE01E941AB35C0D00FB93A5 /* notelTests.m */; };
		6CE2EE511AB495C500AB6963 /* NewNoteViewController.m in Sources */ = {isa = PBXBuildFile; fileRef = 6CE2EE501AB495C500AB6963 /* NewNoteViewController.m */; };
		6CE2EE551AB4C2BD00AB6963 /* Crashlytics.framework in Frameworks */ = {isa = PBXBuildFile; fileRef = 6CE2EE531AB4C2BD00AB6963 /* Crashlytics.framework */; };
		6CE2EE561AB4C2BD00AB6963 /* Fabric.framework in Frameworks */ = {isa = PBXBuildFile; fileRef = 6CE2EE541AB4C2BD00AB6963 /* Fabric.framework */; };
/* End PBXBuildFile section */

/* Begin PBXContainerItemProxy section */
		6CE01E8F1AB35C0C00FB93A5 /* PBXContainerItemProxy */ = {
			isa = PBXContainerItemProxy;
			containerPortal = 6CE01E671AB35C0C00FB93A5 /* Project object */;
			proxyType = 1;
			remoteGlobalIDString = 6CE01E6E1AB35C0C00FB93A5;
			remoteInfo = notel;
		};
/* End PBXContainerItemProxy section */

/* Begin PBXFileReference section */
		6CDAAB121AB5F5A100089243 /* NotesTableViewCell.h */ = {isa = PBXFileReference; fileEncoding = 4; lastKnownFileType = sourcecode.c.h; path = NotesTableViewCell.h; sourceTree = "<group>"; };
		6CDAAB131AB5F5A100089243 /* NotesTableViewCell.m */ = {isa = PBXFileReference; fileEncoding = 4; lastKnownFileType = sourcecode.c.objc; path = NotesTableViewCell.m; sourceTree = "<group>"; };
		6CE01E6F1AB35C0C00FB93A5 /* notel.app */ = {isa = PBXFileReference; explicitFileType = wrapper.application; includeInIndex = 0; path = notel.app; sourceTree = BUILT_PRODUCTS_DIR; };
		6CE01E731AB35C0C00FB93A5 /* Info.plist */ = {isa = PBXFileReference; lastKnownFileType = text.plist.xml; path = Info.plist; sourceTree = "<group>"; };
		6CE01E741AB35C0C00FB93A5 /* main.m */ = {isa = PBXFileReference; lastKnownFileType = sourcecode.c.objc; path = main.m; sourceTree = "<group>"; };
		6CE01E761AB35C0C00FB93A5 /* AppDelegate.h */ = {isa = PBXFileReference; lastKnownFileType = sourcecode.c.h; path = AppDelegate.h; sourceTree = "<group>"; };
		6CE01E771AB35C0C00FB93A5 /* AppDelegate.m */ = {isa = PBXFileReference; lastKnownFileType = sourcecode.c.objc; path = AppDelegate.m; sourceTree = "<group>"; };
		6CE01E7A1AB35C0C00FB93A5 /* notel.xcdatamodel */ = {isa = PBXFileReference; lastKnownFileType = wrapper.xcdatamodel; path = notel.xcdatamodel; sourceTree = "<group>"; };
		6CE01E7C1AB35C0C00FB93A5 /* MasterViewController.h */ = {isa = PBXFileReference; lastKnownFileType = sourcecode.c.h; path = MasterViewController.h; sourceTree = "<group>"; };
		6CE01E7D1AB35C0C00FB93A5 /* MasterViewController.m */ = {isa = PBXFileReference; lastKnownFileType = sourcecode.c.objc; path = MasterViewController.m; sourceTree = "<group>"; };
		6CE01E7F1AB35C0C00FB93A5 /* DetailViewController.h */ = {isa = PBXFileReference; lastKnownFileType = sourcecode.c.h; path = DetailViewController.h; sourceTree = "<group>"; };
		6CE01E801AB35C0C00FB93A5 /* DetailViewController.m */ = {isa = PBXFileReference; lastKnownFileType = sourcecode.c.objc; path = DetailViewController.m; sourceTree = "<group>"; };
		6CE01E831AB35C0C00FB93A5 /* Base */ = {isa = PBXFileReference; lastKnownFileType = file.storyboard; name = Base; path = Base.lproj/Main.storyboard; sourceTree = "<group>"; };
		6CE01E851AB35C0C00FB93A5 /* Images.xcassets */ = {isa = PBXFileReference; lastKnownFileType = folder.assetcatalog; path = Images.xcassets; sourceTree = "<group>"; };
		6CE01E881AB35C0C00FB93A5 /* Base */ = {isa = PBXFileReference; lastKnownFileType = file.xib; name = Base; path = Base.lproj/LaunchScreen.xib; sourceTree = "<group>"; };
		6CE01E8E1AB35C0C00FB93A5 /* notelTests.xctest */ = {isa = PBXFileReference; explicitFileType = wrapper.cfbundle; includeInIndex = 0; path = notelTests.xctest; sourceTree = BUILT_PRODUCTS_DIR; };
		6CE01E931AB35C0D00FB93A5 /* Info.plist */ = {isa = PBXFileReference; lastKnownFileType = text.plist.xml; path = Info.plist; sourceTree = "<group>"; };
		6CE01E941AB35C0D00FB93A5 /* notelTests.m */ = {isa = PBXFileReference; lastKnownFileType = sourcecode.c.objc; path = notelTests.m; sourceTree = "<group>"; };
		6CE2EE4F1AB495C500AB6963 /* NewNoteViewController.h */ = {isa = PBXFileReference; fileEncoding = 4; lastKnownFileType = sourcecode.c.h; path = NewNoteViewController.h; sourceTree = "<group>"; };
		6CE2EE501AB495C500AB6963 /* NewNoteViewController.m */ = {isa = PBXFileReference; fileEncoding = 4; lastKnownFileType = sourcecode.c.objc; path = NewNoteViewController.m; sourceTree = "<group>"; };
		6CE2EE531AB4C2BD00AB6963 /* Crashlytics.framework */ = {isa = PBXFileReference; lastKnownFileType = wrapper.framework; path = Crashlytics.framework; sourceTree = "<group>"; };
		6CE2EE541AB4C2BD00AB6963 /* Fabric.framework */ = {isa = PBXFileReference; lastKnownFileType = wrapper.framework; path = Fabric.framework; sourceTree = "<group>"; };
/* End PBXFileReference section */

/* Begin PBXFrameworksBuildPhase section */
		6CE01E6C1AB35C0C00FB93A5 /* Frameworks */ = {
			isa = PBXFrameworksBuildPhase;
			buildActionMask = 2147483647;
			files = (
				6CE2EE551AB4C2BD00AB6963 /* Crashlytics.framework in Frameworks */,
				6CE2EE561AB4C2BD00AB6963 /* Fabric.framework in Frameworks */,
			);
			runOnlyForDeploymentPostprocessing = 0;
		};
		6CE01E8B1AB35C0C00FB93A5 /* Frameworks */ = {
			isa = PBXFrameworksBuildPhase;
			buildActionMask = 2147483647;
			files = (
			);
			runOnlyForDeploymentPostprocessing = 0;
		};
/* End PBXFrameworksBuildPhase section */

/* Begin PBXGroup section */
		6CE01E661AB35C0C00FB93A5 = {
			isa = PBXGroup;
			children = (
				6CE01E711AB35C0C00FB93A5 /* notel */,
				6CE01E911AB35C0C00FB93A5 /* notelTests */,
				6CE01E701AB35C0C00FB93A5 /* Products */,
			);
			sourceTree = "<group>";
		};
		6CE01E701AB35C0C00FB93A5 /* Products */ = {
			isa = PBXGroup;
			children = (
				6CE01E6F1AB35C0C00FB93A5 /* notel.app */,
				6CE01E8E1AB35C0C00FB93A5 /* notelTests.xctest */,
			);
			name = Products;
			sourceTree = "<group>";
		};
		6CE01E711AB35C0C00FB93A5 /* notel */ = {
			isa = PBXGroup;
			children = (
				6CE01E821AB35C0C00FB93A5 /* Main.storyboard */,
				6CE01E7C1AB35C0C00FB93A5 /* MasterViewController.h */,
				6CE01E7D1AB35C0C00FB93A5 /* MasterViewController.m */,
				6CE2EE4F1AB495C500AB6963 /* NewNoteViewController.h */,
				6CE2EE501AB495C500AB6963 /* NewNoteViewController.m */,
				6CE01E7F1AB35C0C00FB93A5 /* DetailViewController.h */,
				6CE01E801AB35C0C00FB93A5 /* DetailViewController.m */,
				6CDAAB121AB5F5A100089243 /* NotesTableViewCell.h */,
				6CDAAB131AB5F5A100089243 /* NotesTableViewCell.m */,
				6CE01E851AB35C0C00FB93A5 /* Images.xcassets */,
				6CE01E871AB35C0C00FB93A5 /* LaunchScreen.xib */,
				6CE01E791AB35C0C00FB93A5 /* notel.xcdatamodeld */,
				6CE01E721AB35C0C00FB93A5 /* Supporting Files */,
			);
			path = notel;
			sourceTree = "<group>";
		};
		6CE01E721AB35C0C00FB93A5 /* Supporting Files */ = {
			isa = PBXGroup;
			children = (
				6CE2EE531AB4C2BD00AB6963 /* Crashlytics.framework */,
				6CE2EE541AB4C2BD00AB6963 /* Fabric.framework */,
				6CE01E761AB35C0C00FB93A5 /* AppDelegate.h */,
				6CE01E771AB35C0C00FB93A5 /* AppDelegate.m */,
				6CE01E731AB35C0C00FB93A5 /* Info.plist */,
				6CE01E741AB35C0C00FB93A5 /* main.m */,
			);
			name = "Supporting Files";
			sourceTree = "<group>";
		};
		6CE01E911AB35C0C00FB93A5 /* notelTests */ = {
			isa = PBXGroup;
			children = (
				6CE01E941AB35C0D00FB93A5 /* notelTests.m */,
				6CE01E921AB35C0D00FB93A5 /* Supporting Files */,
			);
			path = notelTests;
			sourceTree = "<group>";
		};
		6CE01E921AB35C0D00FB93A5 /* Supporting Files */ = {
			isa = PBXGroup;
			children = (
				6CE01E931AB35C0D00FB93A5 /* Info.plist */,
			);
			name = "Supporting Files";
			sourceTree = "<group>";
		};
/* End PBXGroup section */

/* Begin PBXNativeTarget section */
		6CE01E6E1AB35C0C00FB93A5 /* notel */ = {
			isa = PBXNativeTarget;
			buildConfigurationList = 6CE01E981AB35C0D00FB93A5 /* Build configuration list for PBXNativeTarget "notel" */;
			buildPhases = (
				6CE01E6B1AB35C0C00FB93A5 /* Sources */,
				6CE01E6C1AB35C0C00FB93A5 /* Frameworks */,
				6CE01E6D1AB35C0C00FB93A5 /* Resources */,
				6CE2EE521AB4C26900AB6963 /* ShellScript */,
			);
			buildRules = (
			);
			dependencies = (
			);
			name = notel;
			productName = notel;
			productReference = 6CE01E6F1AB35C0C00FB93A5 /* notel.app */;
			productType = "com.apple.product-type.application";
		};
		6CE01E8D1AB35C0C00FB93A5 /* notelTests */ = {
			isa = PBXNativeTarget;
			buildConfigurationList = 6CE01E9B1AB35C0D00FB93A5 /* Build configuration list for PBXNativeTarget "notelTests" */;
			buildPhases = (
				6CE01E8A1AB35C0C00FB93A5 /* Sources */,
				6CE01E8B1AB35C0C00FB93A5 /* Frameworks */,
				6CE01E8C1AB35C0C00FB93A5 /* Resources */,
			);
			buildRules = (
			);
			dependencies = (
				6CE01E901AB35C0C00FB93A5 /* PBXTargetDependency */,
			);
			name = notelTests;
			productName = notelTests;
			productReference = 6CE01E8E1AB35C0C00FB93A5 /* notelTests.xctest */;
			productType = "com.apple.product-type.bundle.unit-test";
		};
/* End PBXNativeTarget section */

/* Begin PBXProject section */
		6CE01E671AB35C0C00FB93A5 /* Project object */ = {
			isa = PBXProject;
			attributes = {
				LastUpgradeCheck = 0620;
				ORGANIZATIONNAME = "Dulio Denis";
				TargetAttributes = {
					6CE01E6E1AB35C0C00FB93A5 = {
						CreatedOnToolsVersion = 6.2;
					};
					6CE01E8D1AB35C0C00FB93A5 = {
						CreatedOnToolsVersion = 6.2;
						TestTargetID = 6CE01E6E1AB35C0C00FB93A5;
					};
				};
			};
			buildConfigurationList = 6CE01E6A1AB35C0C00FB93A5 /* Build configuration list for PBXProject "notel" */;
			compatibilityVersion = "Xcode 3.2";
			developmentRegion = English;
			hasScannedForEncodings = 0;
			knownRegions = (
				en,
				Base,
			);
			mainGroup = 6CE01E661AB35C0C00FB93A5;
			productRefGroup = 6CE01E701AB35C0C00FB93A5 /* Products */;
			projectDirPath = "";
			projectRoot = "";
			targets = (
				6CE01E6E1AB35C0C00FB93A5 /* notel */,
				6CE01E8D1AB35C0C00FB93A5 /* notelTests */,
			);
		};
/* End PBXProject section */

/* Begin PBXResourcesBuildPhase section */
		6CE01E6D1AB35C0C00FB93A5 /* Resources */ = {
			isa = PBXResourcesBuildPhase;
			buildActionMask = 2147483647;
			files = (
				6CE01E841AB35C0C00FB93A5 /* Main.storyboard in Resources */,
				6CE01E891AB35C0C00FB93A5 /* LaunchScreen.xib in Resources */,
				6CE01E861AB35C0C00FB93A5 /* Images.xcassets in Resources */,
			);
			runOnlyForDeploymentPostprocessing = 0;
		};
		6CE01E8C1AB35C0C00FB93A5 /* Resources */ = {
			isa = PBXResourcesBuildPhase;
			buildActionMask = 2147483647;
			files = (
			);
			runOnlyForDeploymentPostprocessing = 0;
		};
/* End PBXResourcesBuildPhase section */

/* Begin PBXShellScriptBuildPhase section */
		6CE2EE521AB4C26900AB6963 /* ShellScript */ = {
			isa = PBXShellScriptBuildPhase;
			buildActionMask = 2147483647;
			files = (
			);
			inputPaths = (
			);
			outputPaths = (
			);
			runOnlyForDeploymentPostprocessing = 0;
			shellPath = /bin/sh;
			shellScript = "./Fabric.framework/run d3799712ccbbeb53c74ea0e5d477fbba0e9df26e 7f8144b638c1e140df18af3ba968ff98684c27dc9361717f80c52752b0f16390";
		};
/* End PBXShellScriptBuildPhase section */

/* Begin PBXSourcesBuildPhase section */
		6CE01E6B1AB35C0C00FB93A5 /* Sources */ = {
			isa = PBXSourcesBuildPhase;
			buildActionMask = 2147483647;
			files = (
				6CE01E811AB35C0C00FB93A5 /* DetailViewController.m in Sources */,
				6CE01E7E1AB35C0C00FB93A5 /* MasterViewController.m in Sources */,
				6CDAAB141AB5F5A100089243 /* NotesTableViewCell.m in Sources */,
				6CE01E781AB35C0C00FB93A5 /* AppDelegate.m in Sources */,
				6CE01E751AB35C0C00FB93A5 /* main.m in Sources */,
				6CE01E7B1AB35C0C00FB93A5 /* notel.xcdatamodeld in Sources */,
				6CE2EE511AB495C500AB6963 /* NewNoteViewController.m in Sources */,
			);
			runOnlyForDeploymentPostprocessing = 0;
		};
		6CE01E8A1AB35C0C00FB93A5 /* Sources */ = {
			isa = PBXSourcesBuildPhase;
			buildActionMask = 2147483647;
			files = (
				6CE01E951AB35C0D00FB93A5 /* notelTests.m in Sources */,
			);
			runOnlyForDeploymentPostprocessing = 0;
		};
/* End PBXSourcesBuildPhase section */

/* Begin PBXTargetDependency section */
		6CE01E901AB35C0C00FB93A5 /* PBXTargetDependency */ = {
			isa = PBXTargetDependency;
			target = 6CE01E6E1AB35C0C00FB93A5 /* notel */;
			targetProxy = 6CE01E8F1AB35C0C00FB93A5 /* PBXContainerItemProxy */;
		};
/* End PBXTargetDependency section */

/* Begin PBXVariantGroup section */
		6CE01E821AB35C0C00FB93A5 /* Main.storyboard */ = {
			isa = PBXVariantGroup;
			children = (
				6CE01E831AB35C0C00FB93A5 /* Base */,
			);
			name = Main.storyboard;
			sourceTree = "<group>";
		};
		6CE01E871AB35C0C00FB93A5 /* LaunchScreen.xib */ = {
			isa = PBXVariantGroup;
			children = (
				6CE01E881AB35C0C00FB93A5 /* Base */,
			);
			name = LaunchScreen.xib;
			sourceTree = "<group>";
		};
/* End PBXVariantGroup section */

/* Begin XCBuildConfiguration section */
		6CE01E961AB35C0D00FB93A5 /* Debug */ = {
			isa = XCBuildConfiguration;
			buildSettings = {
				ALWAYS_SEARCH_USER_PATHS = NO;
				CLANG_CXX_LANGUAGE_STANDARD = "gnu++0x";
				CLANG_CXX_LIBRARY = "libc++";
				CLANG_ENABLE_MODULES = YES;
				CLANG_ENABLE_OBJC_ARC = YES;
				CLANG_WARN_BOOL_CONVERSION = YES;
				CLANG_WARN_CONSTANT_CONVERSION = YES;
				CLANG_WARN_DIRECT_OBJC_ISA_USAGE = YES_ERROR;
				CLANG_WARN_EMPTY_BODY = YES;
				CLANG_WARN_ENUM_CONVERSION = YES;
				CLANG_WARN_INT_CONVERSION = YES;
				CLANG_WARN_OBJC_ROOT_CLASS = YES_ERROR;
				CLANG_WARN_UNREACHABLE_CODE = YES;
				CLANG_WARN__DUPLICATE_METHOD_MATCH = YES;
				"CODE_SIGN_IDENTITY[sdk=iphoneos*]" = "iPhone Developer";
				COPY_PHASE_STRIP = NO;
				ENABLE_STRICT_OBJC_MSGSEND = YES;
				GCC_C_LANGUAGE_STANDARD = gnu99;
				GCC_DYNAMIC_NO_PIC = NO;
				GCC_OPTIMIZATION_LEVEL = 0;
				GCC_PREPROCESSOR_DEFINITIONS = (
					"DEBUG=1",
					"$(inherited)",
				);
				GCC_SYMBOLS_PRIVATE_EXTERN = NO;
				GCC_WARN_64_TO_32_BIT_CONVERSION = YES;
				GCC_WARN_ABOUT_RETURN_TYPE = YES_ERROR;
				GCC_WARN_UNDECLARED_SELECTOR = YES;
				GCC_WARN_UNINITIALIZED_AUTOS = YES_AGGRESSIVE;
				GCC_WARN_UNUSED_FUNCTION = YES;
				GCC_WARN_UNUSED_VARIABLE = YES;
				IPHONEOS_DEPLOYMENT_TARGET = 8.2;
				MTL_ENABLE_DEBUG_INFO = YES;
				ONLY_ACTIVE_ARCH = YES;
				SDKROOT = iphoneos;
			};
			name = Debug;
		};
		6CE01E971AB35C0D00FB93A5 /* Release */ = {
			isa = XCBuildConfiguration;
			buildSettings = {
				ALWAYS_SEARCH_USER_PATHS = NO;
				CLANG_CXX_LANGUAGE_STANDARD = "gnu++0x";
				CLANG_CXX_LIBRARY = "libc++";
				CLANG_ENABLE_MODULES = YES;
				CLANG_ENABLE_OBJC_ARC = YES;
				CLANG_WARN_BOOL_CONVERSION = YES;
				CLANG_WARN_CONSTANT_CONVERSION = YES;
				CLANG_WARN_DIRECT_OBJC_ISA_USAGE = YES_ERROR;
				CLANG_WARN_EMPTY_BODY = YES;
				CLANG_WARN_ENUM_CONVERSION = YES;
				CLANG_WARN_INT_CONVERSION = YES;
				CLANG_WARN_OBJC_ROOT_CLASS = YES_ERROR;
				CLANG_WARN_UNREACHABLE_CODE = YES;
				CLANG_WARN__DUPLICATE_METHOD_MATCH = YES;
				"CODE_SIGN_IDENTITY[sdk=iphoneos*]" = "iPhone Developer";
				COPY_PHASE_STRIP = NO;
				ENABLE_NS_ASSERTIONS = NO;
				ENABLE_STRICT_OBJC_MSGSEND = YES;
				GCC_C_LANGUAGE_STANDARD = gnu99;
				GCC_WARN_64_TO_32_BIT_CONVERSION = YES;
				GCC_WARN_ABOUT_RETURN_TYPE = YES_ERROR;
				GCC_WARN_UNDECLARED_SELECTOR = YES;
				GCC_WARN_UNINITIALIZED_AUTOS = YES_AGGRESSIVE;
				GCC_WARN_UNUSED_FUNCTION = YES;
				GCC_WARN_UNUSED_VARIABLE = YES;
				IPHONEOS_DEPLOYMENT_TARGET = 8.2;
				MTL_ENABLE_DEBUG_INFO = NO;
				SDKROOT = iphoneos;
				VALIDATE_PRODUCT = YES;
			};
			name = Release;
		};
		6CE01E991AB35C0D00FB93A5 /* Debug */ = {
			isa = XCBuildConfiguration;
			buildSettings = {
				ASSETCATALOG_COMPILER_APPICON_NAME = AppIcon;
				FRAMEWORK_SEARCH_PATHS = (
					"$(inherited)",
					"$(PROJECT_DIR)/notel",
				);
				INFOPLIST_FILE = notel/Info.plist;
				LD_RUNPATH_SEARCH_PATHS = "$(inherited) @executable_path/Frameworks";
				PRODUCT_NAME = "$(TARGET_NAME)";
			};
			name = Debug;
		};
		6CE01E9A1AB35C0D00FB93A5 /* Release */ = {
			isa = XCBuildConfiguration;
			buildSettings = {
				ASSETCATALOG_COMPILER_APPICON_NAME = AppIcon;
				FRAMEWORK_SEARCH_PATHS = (
					"$(inherited)",
					"$(PROJECT_DIR)/notel",
				);
				INFOPLIST_FILE = notel/Info.plist;
				LD_RUNPATH_SEARCH_PATHS = "$(inherited) @executable_path/Frameworks";
				PRODUCT_NAME = "$(TARGET_NAME)";
			};
			name = Release;
		};
		6CE01E9C1AB35C0D00FB93A5 /* Debug */ = {
			isa = XCBuildConfiguration;
			buildSettings = {
				BUNDLE_LOADER = "$(TEST_HOST)";
				FRAMEWORK_SEARCH_PATHS = (
					"$(SDKROOT)/Developer/Library/Frameworks",
					"$(inherited)",
				);
				GCC_PREPROCESSOR_DEFINITIONS = (
					"DEBUG=1",
					"$(inherited)",
				);
				INFOPLIST_FILE = notelTests/Info.plist;
				LD_RUNPATH_SEARCH_PATHS = "$(inherited) @executable_path/Frameworks @loader_path/Frameworks";
				PRODUCT_NAME = "$(TARGET_NAME)";
				TEST_HOST = "$(BUILT_PRODUCTS_DIR)/notel.app/notel";
			};
			name = Debug;
		};
		6CE01E9D1AB35C0D00FB93A5 /* Release */ = {
			isa = XCBuildConfiguration;
			buildSettings = {
				BUNDLE_LOADER = "$(TEST_HOST)";
				FRAMEWORK_SEARCH_PATHS = (
					"$(SDKROOT)/Developer/Library/Frameworks",
					"$(inherited)",
				);
				INFOPLIST_FILE = notelTests/Info.plist;
				LD_RUNPATH_SEARCH_PATHS = "$(inherited) @executable_path/Frameworks @loader_path/Frameworks";
				PRODUCT_NAME = "$(TARGET_NAME)";
				TEST_HOST = "$(BUILT_PRODUCTS_DIR)/notel.app/notel";
			};
			name = Release;
		};
/* End XCBuildConfiguration section */

/* Begin XCConfigurationList section */
		6CE01E6A1AB35C0C00FB93A5 /* Build configuration list for PBXProject "notel" */ = {
			isa = XCConfigurationList;
			buildConfigurations = (
				6CE01E961AB35C0D00FB93A5 /* Debug */,
				6CE01E971AB35C0D00FB93A5 /* Release */,
			);
			defaultConfigurationIsVisible = 0;
			defaultConfigurationName = Release;
		};
		6CE01E981AB35C0D00FB93A5 /* Build configuration list for PBXNativeTarget "notel" */ = {
			isa = XCConfigurationList;
			buildConfigurations = (
				6CE01E991AB35C0D00FB93A5 /* Debug */,
				6CE01E9A1AB35C0D00FB93A5 /* Release */,
			);
			defaultConfigurationIsVisible = 0;
			defaultConfigurationName = Release;
		};
		6CE01E9B1AB35C0D00FB93A5 /* Build configuration list for PBXNativeTarget "notelTests" */ = {
			isa = XCConfigurationList;
			buildConfigurations = (
				6CE01E9C1AB35C0D00FB93A5 /* Debug */,
				6CE01E9D1AB35C0D00FB93A5 /* Release */,
			);
			defaultConfigurationIsVisible = 0;
			defaultConfigurationName = Release;
		};
/* End XCConfigurationList section */

/* Begin XCVersionGroup section */
		6CE01E791AB35C0C00FB93A5 /* notel.xcdatamodeld */ = {
			isa = XCVersionGroup;
			children = (
				6CE01E7A1AB35C0C00FB93A5 /* notel.xcdatamodel */,
			);
			currentVersion = 6CE01E7A1AB35C0C00FB93A5 /* notel.xcdatamodel */;
			path = notel.xcdatamodeld;
			sourceTree = "<group>";
			versionGroupType = wrapper.xcdatamodel;
		};
/* End XCVersionGroup section */
	};
	rootObject = 6CE01E671AB35C0C00FB93A5 /* Project object */;
}
